version = 1
revision = 3
requires-python = ">=3.14"

[[package]]
name = "duckdb"
version = "1.4.3"
source = { registry = "https://pypi.org/simple" }
sdist = { url = "https://files.pythonhosted.org/packages/7f/da/17c3eb5458af69d54dedc8d18e4a32ceaa8ce4d4c699d45d6d8287e790c3/duckdb-1.4.3.tar.gz", hash = "sha256:fea43e03604c713e25a25211ada87d30cd2a044d8f27afab5deba26ac49e5268", size = 18478418, upload-time = "2025-12-09T10:59:22.945Z" }
wheels = [
    { url = "https://files.pythonhosted.org/packages/b6/f4/a38651e478fa41eeb8e43a0a9c0d4cd8633adea856e3ac5ac95124b0fdbf/duckdb-1.4.3-cp314-cp314-macosx_10_15_universal2.whl", hash = "sha256:316711a9e852bcfe1ed6241a5f654983f67e909e290495f3562cccdf43be8180", size = 29042272, upload-time = "2025-12-09T10:58:51.826Z" },
    { url = "https://files.pythonhosted.org/packages/16/de/2cf171a66098ce5aeeb7371511bd2b3d7b73a2090603b0b9df39f8aaf814/duckdb-1.4.3-cp314-cp314-macosx_10_15_x86_64.whl", hash = "sha256:9e625b2b4d52bafa1fd0ebdb0990c3961dac8bb00e30d327185de95b68202131", size = 15419343, upload-time = "2025-12-09T10:58:54.439Z" },
    { url = "https://files.pythonhosted.org/packages/35/28/6b0a7830828d4e9a37420d87e80fe6171d2869a9d3d960bf5d7c3b8c7ee4/duckdb-1.4.3-cp314-cp314-macosx_11_0_arm64.whl", hash = "sha256:130c6760f6c573f9c9fe9aba56adba0fab48811a4871b7b8fd667318b4a3e8da", size = 13748905, upload-time = "2025-12-09T10:58:56.656Z" },
    { url = "https://files.pythonhosted.org/packages/15/4d/778628e194d63967870873b9581c8a6b4626974aa4fbe09f32708a2d3d3a/duckdb-1.4.3-cp314-cp314-manylinux_2_26_aarch64.manylinux_2_28_aarch64.whl", hash = "sha256:20c88effaa557a11267706b01419c542fe42f893dee66e5a6daa5974ea2d4a46", size = 18487261, upload-time = "2025-12-09T10:58:58.866Z" },
    { url = "https://files.pythonhosted.org/packages/c6/5f/87e43af2e4a0135f9675449563e7c2f9b6f1fe6a2d1691c96b091f3904dd/duckdb-1.4.3-cp314-cp314-manylinux_2_26_x86_64.manylinux_2_28_x86_64.whl", hash = "sha256:1b35491db98ccd11d151165497c084a9d29d3dc42fc80abea2715a6c861ca43d", size = 20497138, upload-time = "2025-12-09T10:59:01.241Z" },
    { url = "https://files.pythonhosted.org/packages/94/41/abec537cc7c519121a2a83b9a6f180af8915fabb433777dc147744513e74/duckdb-1.4.3-cp314-cp314-win_amd64.whl", hash = "sha256:23b12854032c1a58d0452e2b212afa908d4ce64171862f3792ba9a596ba7c765", size = 12836056, upload-time = "2025-12-09T10:59:03.388Z" },
    { url = "https://files.pythonhosted.org/packages/b1/5a/8af5b96ce5622b6168854f479ce846cf7fb589813dcc7d8724233c37ded3/duckdb-1.4.3-cp314-cp314-win_arm64.whl", hash = "sha256:90f241f25cffe7241bf9f376754a5845c74775e00e1c5731119dc88cd71e0cb2", size = 13527759, upload-time = "2025-12-09T10:59:05.496Z" },
]

[[package]]
name = "numpy"
version = "2.3.5"
source = { registry = "https://pypi.org/simple" }
sdist = { url = "https://files.pythonhosted.org/packages/76/65/21b3bc86aac7b8f2862db1e808f1ea22b028e30a225a34a5ede9bf8678f2/numpy-2.3.5.tar.gz", hash = "sha256:784db1dcdab56bf0517743e746dfb0f885fc68d948aba86eeec2cba234bdf1c0", size = 20584950, upload-time = "2025-11-16T22:52:42.067Z" }
wheels = [
    { url = "https://files.pythonhosted.org/packages/ba/97/1a914559c19e32d6b2e233cf9a6a114e67c856d35b1d6babca571a3e880f/numpy-2.3.5-cp314-cp314-macosx_10_15_x86_64.whl", hash = "sha256:bf06bc2af43fa8d32d30fae16ad965663e966b1a3202ed407b84c989c3221e82", size = 16735706, upload-time = "2025-11-16T22:51:19.558Z" },
    { url = "https://files.pythonhosted.org/packages/57/d4/51233b1c1b13ecd796311216ae417796b88b0616cfd8a33ae4536330748a/numpy-2.3.5-cp314-cp314-macosx_11_0_arm64.whl", hash = "sha256:052e8c42e0c49d2575621c158934920524f6c5da05a1d3b9bab5d8e259e045f0", size = 12264507, upload-time = "2025-11-16T22:51:22.492Z" },
    { url = "https://files.pythonhosted.org/packages/45/98/2fe46c5c2675b8306d0b4a3ec3494273e93e1226a490f766e84298576956/numpy-2.3.5-cp314-cp314-macosx_14_0_arm64.whl", hash = "sha256:1ed1ec893cff7040a02c8aa1c8611b94d395590d553f6b53629a4461dc7f7b63", size = 5093049, upload-time = "2025-11-16T22:51:25.171Z" },
    { url = "https://files.pythonhosted.org/packages/ce/0e/0698378989bb0ac5f1660c81c78ab1fe5476c1a521ca9ee9d0710ce54099/numpy-2.3.5-cp314-cp314-macosx_14_0_x86_64.whl", hash = "sha256:2dcd0808a421a482a080f89859a18beb0b3d1e905b81e617a188bd80422d62e9", size = 6626603, upload-time = "2025-11-16T22:51:27Z" },
    { url = "https://files.pythonhosted.org/packages/5e/a6/9ca0eecc489640615642a6cbc0ca9e10df70df38c4d43f5a928ff18d8827/numpy-2.3.5-cp314-cp314-manylinux_2_27_aarch64.manylinux_2_28_aarch64.whl", hash = "sha256:727fd05b57df37dc0bcf1a27767a3d9a78cbbc92822445f32cc3436ba797337b", size = 14262696, upload-time = "2025-11-16T22:51:29.402Z" },
    { url = "https://files.pythonhosted.org/packages/c8/f6/07ec185b90ec9d7217a00eeeed7383b73d7e709dae2a9a021b051542a708/numpy-2.3.5-cp314-cp314-manylinux_2_27_x86_64.manylinux_2_28_x86_64.whl", hash = "sha256:fffe29a1ef00883599d1dc2c51aa2e5d80afe49523c261a74933df395c15c520", size = 16597350, upload-time = "2025-11-16T22:51:32.167Z" },
    { url = "https://files.pythonhosted.org/packages/75/37/164071d1dde6a1a84c9b8e5b414fa127981bad47adf3a6b7e23917e52190/numpy-2.3.5-cp314-cp314-musllinux_1_2_aarch64.whl", hash = "sha256:8f7f0e05112916223d3f438f293abf0727e1181b5983f413dfa2fefc4098245c", size = 16040190, upload-time = "2025-11-16T22:51:35.403Z" },
    { url = "https://files.pythonhosted.org/packages/08/3c/f18b82a406b04859eb026d204e4e1773eb41c5be58410f41ffa511d114ae/numpy-2.3.5-cp314-cp314-musllinux_1_2_x86_64.whl", hash = "sha256:2e2eb32ddb9ccb817d620ac1d8dae7c3f641c1e5f55f531a33e8ab97960a75b8", size = 18536749, upload-time = "2025-11-16T22:51:39.698Z" },
    { url = "https://files.pythonhosted.org/packages/40/79/f82f572bf44cf0023a2fe8588768e23e1592585020d638999f15158609e1/numpy-2.3.5-cp314-cp314-win32.whl", hash = "sha256:66f85ce62c70b843bab1fb14a05d5737741e74e28c7b8b5a064de10142fad248", size = 6335432, upload-time = "2025-11-16T22:51:42.476Z" },
    { url = "https://files.pythonhosted.org/packages/a3/2e/235b4d96619931192c91660805e5e49242389742a7a82c27665021db690c/numpy-2.3.5-cp314-cp314-win_amd64.whl", hash = "sha256:e6a0bc88393d65807d751a614207b7129a310ca4fe76a74e5c7da5fa5671417e", size = 12919388, upload-time = "2025-11-16T22:51:45.275Z" },
    { url = "https://files.pythonhosted.org/packages/07/2b/29fd75ce45d22a39c61aad74f3d718e7ab67ccf839ca8b60866054eb15f8/numpy-2.3.5-cp314-cp314-win_arm64.whl", hash = "sha256:aeffcab3d4b43712bb7a60b65f6044d444e75e563ff6180af8f98dd4b905dfd2", size = 10476651, upload-time = "2025-11-16T22:51:47.749Z" },
    { url = "https://files.pythonhosted.org/packages/17/e1/f6a721234ebd4d87084cfa68d081bcba2f5cfe1974f7de4e0e8b9b2a2ba1/numpy-2.3.5-cp314-cp314t-macosx_10_15_x86_64.whl", hash = "sha256:17531366a2e3a9e30762c000f2c43a9aaa05728712e25c11ce1dbe700c53ad41", size = 16834503, upload-time = "2025-11-16T22:51:50.443Z" },
    { url = "https://files.pythonhosted.org/packages/5c/1c/baf7ffdc3af9c356e1c135e57ab7cf8d247931b9554f55c467efe2c69eff/numpy-2.3.5-cp314-cp314t-macosx_11_0_arm64.whl", hash = "sha256:d21644de1b609825ede2f48be98dfde4656aefc713654eeee280e37cadc4e0ad", size = 12381612, upload-time = "2025-11-16T22:51:53.609Z" },
    { url = "https://files.pythonhosted.org/packages/74/91/f7f0295151407ddc9ba34e699013c32c3c91944f9b35fcf9281163dc1468/numpy-2.3.5-cp314-cp314t-macosx_14_0_arm64.whl", hash = "sha256:c804e3a5aba5460c73955c955bdbd5c08c354954e9270a2c1565f62e866bdc39", size = 5210042, upload-time = "2025-11-16T22:51:56.213Z" },
    { url = "https://files.pythonhosted.org/packages/2e/3b/78aebf345104ec50dd50a4d06ddeb46a9ff5261c33bcc58b1c4f12f85ec2/numpy-2.3.5-cp314-cp314t-macosx_14_0_x86_64.whl", hash = "sha256:cc0a57f895b96ec78969c34f682c602bf8da1a0270b09bc65673df2e7638ec20", size = 6724502, upload-time = "2025-11-16T22:51:58.584Z" },
    { url = "https://files.pythonhosted.org/packages/02/c6/7c34b528740512e57ef1b7c8337ab0b4f0bddf34c723b8996c675bc2bc91/numpy-2.3.5-cp314-cp314t-manylinux_2_27_aarch64.manylinux_2_28_aarch64.whl", hash = "sha256:900218e456384ea676e24ea6a0417f030a3b07306d29d7ad843957b40a9d8d52", size = 14308962, upload-time = "2025-11-16T22:52:01.698Z" },
    { url = "https://files.pythonhosted.org/packages/80/35/09d433c5262bc32d725bafc619e095b6a6651caf94027a03da624146f655/numpy-2.3.5-cp314-cp314t-manylinux_2_27_x86_64.manylinux_2_28_x86_64.whl", hash = "sha256:09a1bea522b25109bf8e6f3027bd810f7c1085c64a0c7ce050c1676ad0ba010b", size = 16655054, upload-time = "2025-11-16T22:52:04.267Z" },
    { url = "https://files.pythonhosted.org/packages/7a/ab/6a7b259703c09a88804fa2430b43d6457b692378f6b74b356155283566ac/numpy-2.3.5-cp314-cp314t-musllinux_1_2_aarch64.whl", hash = "sha256:04822c00b5fd0323c8166d66c701dc31b7fbd252c100acd708c48f763968d6a3", size = 16091613, upload-time = "2025-11-16T22:52:08.651Z" },
    { url = "https://files.pythonhosted.org/packages/c2/88/330da2071e8771e60d1038166ff9d73f29da37b01ec3eb43cb1427464e10/numpy-2.3.5-cp314-cp314t-musllinux_1_2_x86_64.whl", hash = "sha256:d6889ec4ec662a1a37eb4b4fb26b6100841804dac55bd9df579e326cdc146227", size = 18591147, upload-time = "2025-11-16T22:52:11.453Z" },
    { url = "https://files.pythonhosted.org/packages/51/41/851c4b4082402d9ea860c3626db5d5df47164a712cb23b54be028b184c1c/numpy-2.3.5-cp314-cp314t-win32.whl", hash = "sha256:93eebbcf1aafdf7e2ddd44c2923e2672e1010bddc014138b229e49725b4d6be5", size = 6479806, upload-time = "2025-11-16T22:52:14.641Z" },
    { url = "https://files.pythonhosted.org/packages/90/30/d48bde1dfd93332fa557cff1972fbc039e055a52021fbef4c2c4b1eefd17/numpy-2.3.5-cp314-cp314t-win_amd64.whl", hash = "sha256:c8a9958e88b65c3b27e22ca2a076311636850b612d6bbfb76e8d156aacde2aaf", size = 13105760, upload-time = "2025-11-16T22:52:17.975Z" },
    { url = "https://files.pythonhosted.org/packages/2d/fd/4b5eb0b3e888d86aee4d198c23acec7d214baaf17ea93c1adec94c9518b9/numpy-2.3.5-cp314-cp314t-win_arm64.whl", hash = "sha256:6203fdf9f3dc5bdaed7319ad8698e685c7a3be10819f41d32a0723e611733b42", size = 10545459, upload-time = "2025-11-16T22:52:20.55Z" },
]

[[package]]
name = "pandas"
version = "2.3.3"
source = { registry = "https://pypi.org/simple" }
dependencies = [
    { name = "numpy" },
    { name = "python-dateutil" },
    { name = "pytz" },
    { name = "tzdata" },
]
sdist = { url = "https://files.pythonhosted.org/packages/33/01/d40b85317f86cf08d853a4f495195c73815fdf205eef3993821720274518/pandas-2.3.3.tar.gz", hash = "sha256:e05e1af93b977f7eafa636d043f9f94c7ee3ac81af99c13508215942e64c993b", size = 4495223, upload-time = "2025-09-29T23:34:51.853Z" }
wheels = [
    { url = "https://files.pythonhosted.org/packages/04/fd/74903979833db8390b73b3a8a7d30d146d710bd32703724dd9083950386f/pandas-2.3.3-cp314-cp314-macosx_10_13_x86_64.whl", hash = "sha256:ee15f284898e7b246df8087fc82b87b01686f98ee67d85a17b7ab44143a3a9a0", size = 11540635, upload-time = "2025-09-29T23:25:52.486Z" },
    { url = "https://files.pythonhosted.org/packages/21/00/266d6b357ad5e6d3ad55093a7e8efc7dd245f5a842b584db9f30b0f0a287/pandas-2.3.3-cp314-cp314-macosx_11_0_arm64.whl", hash = "sha256:1611aedd912e1ff81ff41c745822980c49ce4a7907537be8692c8dbc31924593", size = 10759079, upload-time = "2025-09-29T23:26:33.204Z" },
    { url = "https://files.pythonhosted.org/packages/ca/05/d01ef80a7a3a12b2f8bbf16daba1e17c98a2f039cbc8e2f77a2c5a63d382/pandas-2.3.3-cp314-cp314-manylinux_2_24_aarch64.manylinux_2_28_aarch64.whl", hash = "sha256:6d2cefc361461662ac48810cb14365a365ce864afe85ef1f447ff5a1e99ea81c", size = 11814049, upload-time = "2025-09-29T23:27:15.384Z" },
    { url = "https://files.pythonhosted.org/packages/15/b2/0e62f78c0c5ba7e3d2c5945a82456f4fac76c480940f805e0b97fcbc2f65/pandas-2.3.3-cp314-cp314-manylinux_2_24_x86_64.manylinux_2_28_x86_64.whl", hash = "sha256:ee67acbbf05014ea6c763beb097e03cd629961c8a632075eeb34247120abcb4b", size = 12332638, upload-time = "2025-09-29T23:27:51.625Z" },
    { url = "https://files.pythonhosted.org/packages/c5/33/dd70400631b62b9b29c3c93d2feee1d0964dc2bae2e5ad7a6c73a7f25325/pandas-2.3.3-cp314-cp314-musllinux_1_2_aarch64.whl", hash = "sha256:c46467899aaa4da076d5abc11084634e2d197e9460643dd455ac3db5856b24d6", size = 12886834, upload-time = "2025-09-29T23:28:21.289Z" },
    { url = "https://files.pythonhosted.org/packages/d3/18/b5d48f55821228d0d2692b34fd5034bb185e854bdb592e9c640f6290e012/pandas-2.3.3-cp314-cp314-musllinux_1_2_x86_64.whl", hash = "sha256:6253c72c6a1d990a410bc7de641d34053364ef8bcd3126f7e7450125887dffe3", size = 13409925, upload-time = "2025-09-29T23:28:58.261Z" },
    { url = "https://files.pythonhosted.org/packages/a6/3d/124ac75fcd0ecc09b8fdccb0246ef65e35b012030defb0e0eba2cbbbe948/pandas-2.3.3-cp314-cp314-win_amd64.whl", hash = "sha256:1b07204a219b3b7350abaae088f451860223a52cfb8a6c53358e7948735158e5", size = 11109071, upload-time = "2025-09-29T23:32:27.484Z" },
    { url = "https://files.pythonhosted.org/packages/89/9c/0e21c895c38a157e0faa1fb64587a9226d6dd46452cac4532d80c3c4a244/pandas-2.3.3-cp314-cp314t-macosx_10_13_x86_64.whl", hash = "sha256:2462b1a365b6109d275250baaae7b760fd25c726aaca0054649286bcfbb3e8ec", size = 12048504, upload-time = "2025-09-29T23:29:31.47Z" },
    { url = "https://files.pythonhosted.org/packages/d7/82/b69a1c95df796858777b68fbe6a81d37443a33319761d7c652ce77797475/pandas-2.3.3-cp314-cp314t-macosx_11_0_arm64.whl", hash = "sha256:0242fe9a49aa8b4d78a4fa03acb397a58833ef6199e9aa40a95f027bb3a1b6e7", size = 11410702, upload-time = "2025-09-29T23:29:54.591Z" },
    { url = "https://files.pythonhosted.org/packages/f9/88/702bde3ba0a94b8c73a0181e05144b10f13f29ebfc2150c3a79062a8195d/pandas-2.3.3-cp314-cp314t-manylinux_2_24_aarch64.manylinux_2_28_aarch64.whl", hash = "sha256:a21d830e78df0a515db2b3d2f5570610f5e6bd2e27749770e8bb7b524b89b450", size = 11634535, upload-time = "2025-09-29T23:30:21.003Z" },
    { url = "https://files.pythonhosted.org/packages/a4/1e/1bac1a839d12e6a82ec6cb40cda2edde64a2013a66963293696bbf31fbbb/pandas-2.3.3-cp314-cp314t-manylinux_2_24_x86_64.manylinux_2_28_x86_64.whl", hash = "sha256:2e3ebdb170b5ef78f19bfb71b0dc5dc58775032361fa188e814959b74d726dd5", size = 12121582, upload-time = "2025-09-29T23:30:43.391Z" },
    { url = "https://files.pythonhosted.org/packages/44/91/483de934193e12a3b1d6ae7c8645d083ff88dec75f46e827562f1e4b4da6/pandas-2.3.3-cp314-cp314t-musllinux_1_2_aarch64.whl", hash = "sha256:d051c0e065b94b7a3cea50eb1ec32e912cd96dba41647eb24104b6c6c14c5788", size = 12699963, upload-time = "2025-09-29T23:31:10.009Z" },
    { url = "https://files.pythonhosted.org/packages/70/44/5191d2e4026f86a2a109053e194d3ba7a31a2d10a9c2348368c63ed4e85a/pandas-2.3.3-cp314-cp314t-musllinux_1_2_x86_64.whl", hash = "sha256:3869faf4bd07b3b66a9f462417d0ca3a9df29a9f6abd5d0d0dbab15dac7abe87", size = 13202175, upload-time = "2025-09-29T23:31:59.173Z" },
]

[[package]]
name = "pyarrow"
version = "23.0.0"
source = { registry = "https://pypi.org/simple" }
sdist = { url = "https://files.pythonhosted.org/packages/01/33/ffd9c3eb087fa41dd79c3cf20c4c0ae3cdb877c4f8e1107a446006344924/pyarrow-23.0.0.tar.gz", hash = "sha256:180e3150e7edfcd182d3d9afba72f7cf19839a497cc76555a8dce998a8f67615", size = 1167185, upload-time = "2026-01-18T16:19:42.218Z" }
wheels = [
    { url = "https://files.pythonhosted.org/packages/97/bb/15aec78bcf43a0c004067bd33eb5352836a29a49db8581fc56f2b6ca88b7/pyarrow-23.0.0-cp314-cp314-macosx_12_0_arm64.whl", hash = "sha256:20b187ed9550d233a872074159f765f52f9d92973191cd4b93f293a19efbe377", size = 34213265, upload-time = "2026-01-18T16:18:07.904Z" },
    { url = "https://files.pythonhosted.org/packages/f6/6c/deb2c594bbba41c37c5d9aa82f510376998352aa69dfcb886cb4b18ad80f/pyarrow-23.0.0-cp314-cp314-macosx_12_0_x86_64.whl", hash = "sha256:18ec84e839b493c3886b9b5e06861962ab4adfaeb79b81c76afbd8d84c7d5fda", size = 35819211, upload-time = "2026-01-18T16:18:13.94Z" },
    { url = "https://files.pythonhosted.org/packages/e0/e5/ee82af693cb7b5b2b74f6524cdfede0e6ace779d7720ebca24d68b57c36b/pyarrow-23.0.0-cp314-cp314-manylinux_2_28_aarch64.whl", hash = "sha256:e438dd3f33894e34fd02b26bd12a32d30d006f5852315f611aa4add6c7fab4bc", size = 44502313, upload-time = "2026-01-18T16:18:20.367Z" },
    { url = "https://files.pythonhosted.org/packages/9c/86/95c61ad82236495f3c31987e85135926ba3ec7f3819296b70a68d8066b49/pyarrow-23.0.0-cp314-cp314-manylinux_2_28_x86_64.whl", hash = "sha256:a244279f240c81f135631be91146d7fa0e9e840e1dfed2aba8483eba25cd98e6", size = 47585886, upload-time = "2026-01-18T16:18:27.544Z" },
    { url = "https://files.pythonhosted.org/packages/bb/6e/a72d901f305201802f016d015de1e05def7706fff68a1dedefef5dc7eff7/pyarrow-23.0.0-cp314-cp314-musllinux_1_2_aarch64.whl", hash = "sha256:c4692e83e42438dba512a570c6eaa42be2f8b6c0f492aea27dec54bdc495103a", size = 48207055, upload-time = "2026-01-18T16:18:35.425Z" },
    { url = "https://files.pythonhosted.org/packages/f9/e5/5de029c537630ca18828db45c30e2a78da03675a70ac6c3528203c416fe3/pyarrow-23.0.0-cp314-cp314-musllinux_1_2_x86_64.whl", hash = "sha256:ae7f30f898dfe44ea69654a35c93e8da4cef6606dc4c72394068fd95f8e9f54a", size = 50619812, upload-time = "2026-01-18T16:18:43.553Z" },
    { url = "https://files.pythonhosted.org/packages/59/8d/2af846cd2412e67a087f5bda4a8e23dfd4ebd570f777db2e8686615dafc1/pyarrow-23.0.0-cp314-cp314-win_amd64.whl", hash = "sha256:5b86bb649e4112fb0614294b7d0a175c7513738876b89655605ebb87c804f861", size = 28263851, upload-time = "2026-01-18T16:19:38.567Z" },
    { url = "https://files.pythonhosted.org/packages/7b/7f/caab863e587041156f6786c52e64151b7386742c8c27140f637176e9230e/pyarrow-23.0.0-cp314-cp314t-macosx_12_0_arm64.whl", hash = "sha256:ebc017d765d71d80a3f8584ca0566b53e40464586585ac64176115baa0ada7d3", size = 34463240, upload-time = "2026-01-18T16:18:49.755Z" },
    { url = "https://files.pythonhosted.org/packages/c9/fa/3a5b8c86c958e83622b40865e11af0857c48ec763c11d472c87cd518283d/pyarrow-23.0.0-cp314-cp314t-macosx_12_0_x86_64.whl", hash = "sha256:0800cc58a6d17d159df823f87ad66cefebf105b982493d4bad03ee7fab84b993", size = 35935712, upload-time = "2026-01-18T16:18:55.626Z" },
    { url = "https://files.pythonhosted.org/packages/c5/08/17a62078fc1a53decb34a9aa79cf9009efc74d63d2422e5ade9fed2f99e3/pyarrow-23.0.0-cp314-cp314t-manylinux_2_28_aarch64.whl", hash = "sha256:3a7c68c722da9bb5b0f8c10e3eae71d9825a4b429b40b32709df5d1fa55beb3d", size = 44503523, upload-time = "2026-01-18T16:19:03.958Z" },
    { url = "https://files.pythonhosted.org/packages/cc/70/84d45c74341e798aae0323d33b7c39194e23b1abc439ceaf60a68a7a969a/pyarrow-23.0.0-cp314-cp314t-manylinux_2_28_x86_64.whl", hash = "sha256:bd5556c24622df90551063ea41f559b714aa63ca953db884cfb958559087a14e", size = 47542490, upload-time = "2026-01-18T16:19:11.208Z" },
    { url = "https://files.pythonhosted.org/packages/61/d9/d1274b0e6f19e235de17441e53224f4716574b2ca837022d55702f24d71d/pyarrow-23.0.0-cp314-cp314t-musllinux_1_2_aarch64.whl", hash = "sha256:54810f6e6afc4ffee7c2e0051b61722fbea9a4961b46192dcfae8ea12fa09059", size = 48233605, upload-time = "2026-01-18T16:19:19.544Z" },
    { url = "https://files.pythonhosted.org/packages/39/07/e4e2d568cb57543d84482f61e510732820cddb0f47c4bb7df629abfed852/pyarrow-23.0.0-cp314-cp314t-musllinux_1_2_x86_64.whl", hash = "sha256:14de7d48052cf4b0ed174533eafa3cfe0711b8076ad70bede32cf59f744f0d7c", size = 50603979, upload-time = "2026-01-18T16:19:26.717Z" },
    { url = "https://files.pythonhosted.org/packages/72/9c/47693463894b610f8439b2e970b82ef81e9599c757bf2049365e40ff963c/pyarrow-23.0.0-cp314-cp314t-win_amd64.whl", hash = "sha256:427deac1f535830a744a4f04a6ac183a64fcac4341b3f618e693c41b7b98d2b0", size = 28338905, upload-time = "2026-01-18T16:19:32.93Z" },
]

[[package]]
name = "python-dateutil"
version = "2.9.0.post0"
source = { registry = "https://pypi.org/simple" }
dependencies = [
    { name = "six" },
]
sdist = { url = "https://files.pythonhosted.org/packages/66/c0/0c8b6ad9f17a802ee498c46e004a0eb49bc148f2fd230864601a86dcf6db/python-dateutil-2.9.0.post0.tar.gz", hash = "sha256:37dd54208da7e1cd875388217d5e00ebd4179249f90fb72437e91a35459a0ad3", size = 342432, upload-time = "2024-03-01T18:36:20.211Z" }
wheels = [
    { url = "https://files.pythonhosted.org/packages/ec/57/56b9bcc3c9c6a792fcbaf139543cee77261f3651ca9da0c93f5c1221264b/python_dateutil-2.9.0.post0-py2.py3-none-any.whl", hash = "sha256:a8b2bc7bffae282281c8140a97d3aa9c14da0b136dfe83f850eea9a5f7470427", size = 229892, upload-time = "2024-03-01T18:36:18.57Z" },
]

[[package]]
name = "pytz"
version = "2025.2"
source = { registry = "https://pypi.org/simple" }
sdist = { url = "https://files.pythonhosted.org/packages/f8/bf/abbd3cdfb8fbc7fb3d4d38d320f2441b1e7cbe29be4f23797b4a2b5d8aac/pytz-2025.2.tar.gz", hash = "sha256:360b9e3dbb49a209c21ad61809c7fb453643e048b38924c765813546746e81c3", size = 320884, upload-time = "2025-03-25T02:25:00.538Z" }
wheels = [
    { url = "https://files.pythonhosted.org/packages/81/c4/34e93fe5f5429d7570ec1fa436f1986fb1f00c3e0f43a589fe2bbcd22c3f/pytz-2025.2-py2.py3-none-any.whl", hash = "sha256:5ddf76296dd8c44c26eb8f4b6f35488f3ccbf6fbbd7adee0b7262d43f0ec2f00", size = 509225, upload-time = "2025-03-25T02:24:58.468Z" },
]

[[package]]
name = "ruff"
version = "0.14.10"
source = { registry = "https://pypi.org/simple" }
sdist = { url = "https://files.pythonhosted.org/packages/57/08/52232a877978dd8f9cf2aeddce3e611b40a63287dfca29b6b8da791f5e8d/ruff-0.14.10.tar.gz", hash = "sha256:9a2e830f075d1a42cd28420d7809ace390832a490ed0966fe373ba288e77aaf4", size = 5859763, upload-time = "2025-12-18T19:28:57.98Z" }
wheels = [
    { url = "https://files.pythonhosted.org/packages/60/01/933704d69f3f05ee16ef11406b78881733c186fe14b6a46b05cfcaf6d3b2/ruff-0.14.10-py3-none-linux_armv6l.whl", hash = "sha256:7a3ce585f2ade3e1f29ec1b92df13e3da262178df8c8bdf876f48fa0e8316c49", size = 13527080, upload-time = "2025-12-18T19:29:25.642Z" },
    { url = "https://files.pythonhosted.org/packages/df/58/a0349197a7dfa603ffb7f5b0470391efa79ddc327c1e29c4851e85b09cc5/ruff-0.14.10-py3-none-macosx_10_12_x86_64.whl", hash = "sha256:674f9be9372907f7257c51f1d4fc902cb7cf014b9980152b802794317941f08f", size = 13797320, upload-time = "2025-12-18T19:29:02.571Z" },
    { url = "https://files.pythonhosted.org/packages/7b/82/36be59f00a6082e38c23536df4e71cdbc6af8d7c707eade97fcad5c98235/ruff-0.14.10-py3-none-macosx_11_0_arm64.whl", hash = "sha256:d85713d522348837ef9df8efca33ccb8bd6fcfc86a2cde3ccb4bc9d28a18003d", size = 12918434, upload-time = "2025-12-18T19:28:51.202Z" },
    { url = "https://files.pythonhosted.org/packages/a6/00/45c62a7f7e34da92a25804f813ebe05c88aa9e0c25e5cb5a7d23dd7450e3/ruff-0.14.10-py3-none-manylinux_2_17_aarch64.manylinux2014_aarch64.whl", hash = "sha256:6987ebe0501ae4f4308d7d24e2d0fe3d7a98430f5adfd0f1fead050a740a3a77", size = 13371961, upload-time = "2025-12-18T19:29:04.991Z" },
    { url = "https://files.pythonhosted.org/packages/40/31/a5906d60f0405f7e57045a70f2d57084a93ca7425f22e1d66904769d1628/ruff-0.14.10-py3-none-manylinux_2_17_armv7l.manylinux2014_armv7l.whl", hash = "sha256:16a01dfb7b9e4eee556fbfd5392806b1b8550c9b4a9f6acd3dbe6812b193c70a", size = 13275629, upload-time = "2025-12-18T19:29:21.381Z" },
    { url = "https://files.pythonhosted.org/packages/3e/60/61c0087df21894cf9d928dc04bcd4fb10e8b2e8dca7b1a276ba2155b2002/ruff-0.14.10-py3-none-manylinux_2_17_i686.manylinux2014_i686.whl", hash = "sha256:7165d31a925b7a294465fa81be8c12a0e9b60fb02bf177e79067c867e71f8b1f", size = 14029234, upload-time = "2025-12-18T19:29:00.132Z" },
    { url = "https://files.pythonhosted.org/packages/44/84/77d911bee3b92348b6e5dab5a0c898d87084ea03ac5dc708f46d88407def/ruff-0.14.10-py3-none-manylinux_2_17_ppc64.manylinux2014_ppc64.whl", hash = "sha256:c561695675b972effb0c0a45db233f2c816ff3da8dcfbe7dfc7eed625f218935", size = 15449890, upload-time = "2025-12-18T19:28:53.573Z" },
    { url = "https://files.pythonhosted.org/packages/e9/36/480206eaefa24a7ec321582dda580443a8f0671fdbf6b1c80e9c3e93a16a/ruff-0.14.10-py3-none-manylinux_2_17_ppc64le.manylinux2014_ppc64le.whl", hash = "sha256:4bb98fcbbc61725968893682fd4df8966a34611239c9fd07a1f6a07e7103d08e", size = 15123172, upload-time = "2025-12-18T19:29:23.453Z" },
    { url = "https://files.pythonhosted.org/packages/5c/38/68e414156015ba80cef5473d57919d27dfb62ec804b96180bafdeaf0e090/ruff-0.14.10-py3-none-manylinux_2_17_s390x.manylinux2014_s390x.whl", hash = "sha256:f24b47993a9d8cb858429e97bdf8544c78029f09b520af615c1d261bf827001d", size = 14460260, upload-time = "2025-12-18T19:29:27.808Z" },
    { url = "https://files.pythonhosted.org/packages/b3/19/9e050c0dca8aba824d67cc0db69fb459c28d8cd3f6855b1405b3f29cc91d/ruff-0.14.10-py3-none-manylinux_2_17_x86_64.manylinux2014_x86_64.whl", hash = "sha256:59aabd2e2c4fd614d2862e7939c34a532c04f1084476d6833dddef4afab87e9f", size = 14229978, upload-time = "2025-12-18T19:29:11.32Z" },
    { url = "https://files.pythonhosted.org/packages/51/eb/e8dd1dd6e05b9e695aa9dd420f4577debdd0f87a5ff2fedda33c09e9be8c/ruff-0.14.10-py3-none-manylinux_2_31_riscv64.whl", hash = "sha256:213db2b2e44be8625002dbea33bb9c60c66ea2c07c084a00d55732689d697a7f", size = 14338036, upload-time = "2025-12-18T19:29:09.184Z" },
    { url = "https://files.pythonhosted.org/packages/6a/12/f3e3a505db7c19303b70af370d137795fcfec136d670d5de5391e295c134/ruff-0.14.10-py3-none-musllinux_1_2_aarch64.whl", hash = "sha256:b914c40ab64865a17a9a5b67911d14df72346a634527240039eb3bd650e5979d", size = 13264051, upload-time = "2025-12-18T19:29:13.431Z" },
    { url = "https://files.pythonhosted.org/packages/08/64/8c3a47eaccfef8ac20e0484e68e0772013eb85802f8a9f7603ca751eb166/ruff-0.14.10-py3-none-musllinux_1_2_armv7l.whl", hash = "sha256:1484983559f026788e3a5c07c81ef7d1e97c1c78ed03041a18f75df104c45405", size = 13283998, upload-time = "2025-12-18T19:29:06.994Z" },
    { url = "https://files.pythonhosted.org/packages/12/84/534a5506f4074e5cc0529e5cd96cfc01bb480e460c7edf5af70d2bcae55e/ruff-0.14.10-py3-none-musllinux_1_2_i686.whl", hash = "sha256:c70427132db492d25f982fffc8d6c7535cc2fd2c83fc8888f05caaa248521e60", size = 13601891, upload-time = "2025-12-18T19:28:55.811Z" },
    { url = "https://files.pythonhosted.org/packages/0d/1e/14c916087d8598917dbad9b2921d340f7884824ad6e9c55de948a93b106d/ruff-0.14.10-py3-none-musllinux_1_2_x86_64.whl", hash = "sha256:5bcf45b681e9f1ee6445d317ce1fa9d6cba9a6049542d1c3d5b5958986be8830", size = 14336660, upload-time = "2025-12-18T19:29:16.531Z" },
    { url = "https://files.pythonhosted.org/packages/f2/1c/d7b67ab43f30013b47c12b42d1acd354c195351a3f7a1d67f59e54227ede/ruff-0.14.10-py3-none-win32.whl", hash = "sha256:104c49fc7ab73f3f3a758039adea978869a918f31b73280db175b43a2d9b51d6", size = 13196187, upload-time = "2025-12-18T19:29:19.006Z" },
    { url = "https://files.pythonhosted.org/packages/fb/9c/896c862e13886fae2af961bef3e6312db9ebc6adc2b156fe95e615dee8c1/ruff-0.14.10-py3-none-win_amd64.whl", hash = "sha256:466297bd73638c6bdf06485683e812db1c00c7ac96d4ddd0294a338c62fdc154", size = 14661283, upload-time = "2025-12-18T19:29:30.16Z" },
    { url = "https://files.pythonhosted.org/packages/74/31/b0e29d572670dca3674eeee78e418f20bdf97fa8aa9ea71380885e175ca0/ruff-0.14.10-py3-none-win_arm64.whl", hash = "sha256:e51d046cf6dda98a4633b8a8a771451107413b0f07183b2bef03f075599e44e6", size = 13729839, upload-time = "2025-12-18T19:28:48.636Z" },
]

[[package]]
name = "six"
version = "1.17.0"
source = { registry = "https://pypi.org/simple" }
sdist = { url = "https://files.pythonhosted.org/packages/94/e7/b2c673351809dca68a0e064b6af791aa332cf192da575fd474ed7d6f16a2/six-1.17.0.tar.gz", hash = "sha256:ff70335d468e7eb6ec65b95b99d3a2836546063f63acc5171de367e834932a81", size = 34031, upload-time = "2024-12-04T17:35:28.174Z" }
wheels = [
    { url = "https://files.pythonhosted.org/packages/b7/ce/149a00dd41f10bc29e5921b496af8b574d8413afcd5e30dfa0ed46c2cc5e/six-1.17.0-py2.py3-none-any.whl", hash = "sha256:4721f391ed90541fddacab5acf947aa0d3dc7d27b2e1e8eda2be8970586c3274", size = 11050, upload-time = "2024-12-04T17:35:26.475Z" },
]

[[package]]
name = "ty"
version = "0.0.1a35"
source = { registry = "https://pypi.org/simple" }
sdist = { url = "https://files.pythonhosted.org/packages/d7/e6/6dc6cd37edb5ce3346af6a1db7477b01210057a0e6dfd978b1b50dae0d3b/ty-0.0.1a35.tar.gz", hash = "sha256:b122986b36a7e7482943312026948e67670f8f252bdf1afa5378b1a59372c25e", size = 4757384, upload-time = "2025-12-16T09:32:11.65Z" }
wheels = [
    { url = "https://files.pythonhosted.org/packages/e7/43/73a990875c35e1bba04d661fb79ad3ecf1a5efc8f68eb493611618fb70db/ty-0.0.1a35-py3-none-linux_armv6l.whl", hash = "sha256:70dde7bcf9ccf56be0708d1a399c5b796c38f38726dddbc61d5d64d84f83af6b", size = 9733533, upload-time = "2025-12-16T09:31:57.792Z" },
    { url = "https://files.pythonhosted.org/packages/22/3b/ff0ce17f0c39f0456b1e5d64ddcc94d5b1a1acd5f1199a6062c52f83eb5b/ty-0.0.1a35-py3-none-macosx_10_12_x86_64.whl", hash = "sha256:56a4f81fa980565abe692af82266c1c348bd4eaf4205bff4fcb5bb6ec0a211f4", size = 9549823, upload-time = "2025-12-16T09:32:04.048Z" },
    { url = "https://files.pythonhosted.org/packages/f6/c4/439b7d29eb3301786315343cf5ceae1d80ed29248261f01ef4938d4dd52a/ty-0.0.1a35-py3-none-macosx_11_0_arm64.whl", hash = "sha256:144ab0ca5d0552b4248ae31a7ca89f434d5f16df29bcc95100bef1fdec892b95", size = 9085563, upload-time = "2025-12-16T09:31:55.618Z" },
    { url = "https://files.pythonhosted.org/packages/26/fa/103f8119ad5c0dcee178f54c4a07c6d66fcd23026cf6ca3ff15d0167a1e1/ty-0.0.1a35-py3-none-manylinux_2_17_aarch64.manylinux2014_aarch64.whl", hash = "sha256:6db9a9e252ca73b4bae063ae3bac9e0723557aff6298f96ad1696a985b3e623f", size = 9545980, upload-time = "2025-12-16T09:32:19.387Z" },
    { url = "https://files.pythonhosted.org/packages/ca/3c/393fdc31a3f76118acfd7c417a11896599706ea6f86a2bef67ab1f2b7434/ty-0.0.1a35-py3-none-manylinux_2_17_armv7l.manylinux2014_armv7l.whl", hash = "sha256:081955635f12233433f74eff51acb2f5380ed23091c9c72d09d02494073c9d4f", size = 9526178, upload-time = "2025-12-16T09:31:53.666Z" },
    { url = "https://files.pythonhosted.org/packages/49/c2/e1a2bc5db76d8a48c016726284b3641edd4da28d4fa1232a8f25954b02ab/ty-0.0.1a35-py3-none-manylinux_2_17_i686.manylinux2014_i686.whl", hash = "sha256:a4f59fa2dc7dc4e8f0c9135738670c6691072de0b5b11582c9ca55895f8b92c9", size = 9957905, upload-time = "2025-12-16T09:32:13.222Z" },
    { url = "https://files.pythonhosted.org/packages/01/05/33e9615aaadca192e5a72ac4e4f337c2bd1f445f3aba02374a853544ce1a/ty-0.0.1a35-py3-none-manylinux_2_17_ppc64.manylinux2014_ppc64.whl", hash = "sha256:48e466329c16f0dc4d60b54539bb3e50983516f7024e7e260d50f4b4bbbd4c3e", size = 10808553, upload-time = "2025-12-16T09:31:51.524Z" },
    { url = "https://files.pythonhosted.org/packages/84/60/4c68eabe71083aeaadff75ac3dba50d66dcd716312173e954a7225d77f7a/ty-0.0.1a35-py3-none-manylinux_2_17_ppc64le.manylinux2014_ppc64le.whl", hash = "sha256:87ca20fe7f05dd7335f863cfcff4d51d611816b413be6d14e20c146e4e522471", size = 10533563, upload-time = "2025-12-16T09:32:08.026Z" },
    { url = "https://files.pythonhosted.org/packages/37/e8/9acf064ca768910703b253b721c3a3e7e64fa694c9dd8894ce6bc03de589/ty-0.0.1a35-py3-none-manylinux_2_17_s390x.manylinux2014_s390x.whl", hash = "sha256:188c8e2d7f3767d20dcd44b38cc585a0ab4fcee2ebcdb1d4442ca588dbc8c688", size = 10317435, upload-time = "2025-12-16T09:32:23.262Z" },
    { url = "https://files.pythonhosted.org/packages/06/32/87ea1e72a4028493e39c4e5061d4d0a6481fb0326a3a7101f611c188e53c/ty-0.0.1a35-py3-none-manylinux_2_17_x86_64.manylinux2014_x86_64.whl", hash = "sha256:5dba3072078486e4e5ffebe83ac2e2199053fabddecbf5b8b9736021a8258556", size = 10086760, upload-time = "2025-12-16T09:32:09.935Z" },
    { url = "https://files.pythonhosted.org/packages/95/11/b02d3376ebbb003cbad700d2800f8242ad0eed22084be929710e638e0857/ty-0.0.1a35-py3-none-musllinux_1_2_aarch64.whl", hash = "sha256:b9bdef2a44fc1e8e40531bd714f9ec4f208dd13474f307547c0a93055dbaeccc", size = 9526479, upload-time = "2025-12-16T09:31:49.267Z" },
    { url = "https://files.pythonhosted.org/packages/1c/34/0c41e7402167fde28923ed5b8e738cb8e13a5205b19f68226d3519121f81/ty-0.0.1a35-py3-none-musllinux_1_2_armv7l.whl", hash = "sha256:c4d1ed3b9c954ddb258ece43c84bb2dafd569bad3f437467b594de535caf3bde", size = 9549879, upload-time = "2025-12-16T09:32:02.089Z" },
    { url = "https://files.pythonhosted.org/packages/b4/e2/708eaa20eb274ade4e82ed74c814e86b136aa7cfad8cafb81e61653e8d48/ty-0.0.1a35-py3-none-musllinux_1_2_i686.whl", hash = "sha256:ae9e28d2d549faac040b6b8acd9338b7acebbd7185e89af30b01bb115d68ddd4", size = 9680030, upload-time = "2025-12-16T09:31:59.889Z" },
    { url = "https://files.pythonhosted.org/packages/86/97/797ad5f94ae43bb5566b3ad52acec3ebdad6c282da5086c04d535e79d6eb/ty-0.0.1a35-py3-none-musllinux_1_2_x86_64.whl", hash = "sha256:0cb5f1084023d5bef5afa510db3a5052d4d18160e1708d3c5bf5a23f1d59a792", size = 10182670, upload-time = "2025-12-16T09:32:15.383Z" },
    { url = "https://files.pythonhosted.org/packages/ae/34/4677ffc3c7e779f0da9727b75e73c17cd8f1740bcab73fb9a142fd25c57f/ty-0.0.1a35-py3-none-win32.whl", hash = "sha256:11e3ee5df2a26fd6d0764cf425ac538a225fc077a694ba2c0f4a0fa78b760c07", size = 9163578, upload-time = "2025-12-16T09:32:17.273Z" },
    { url = "https://files.pythonhosted.org/packages/cf/27/6a8fcb4125d6bd0c0a39a697953fb89c562dd1188d60124296d015b8fc5a/ty-0.0.1a35-py3-none-win_amd64.whl", hash = "sha256:9448a12b34f377eb841141908bfd74861404d25c21d8c934e67415a3655c952b", size = 10041561, upload-time = "2025-12-16T09:32:21.233Z" },
    { url = "https://files.pythonhosted.org/packages/72/6d/a473f68972b405356afaaaf77fc15f7ca03de3403b578e138c1ffabeb1a9/ty-0.0.1a35-py3-none-win_arm64.whl", hash = "sha256:78fbb25e4a516568c993a2e12024285248ac091ad24a5b2f41cc815b8c65935e", size = 9537665, upload-time = "2025-12-16T09:32:06.009Z" },
]

[[package]]
name = "tzdata"
version = "2025.3"
source = { registry = "https://pypi.org/simple" }
sdist = { url = "https://files.pythonhosted.org/packages/5e/a7/c202b344c5ca7daf398f3b8a477eeb205cf3b6f32e7ec3a6bac0629ca975/tzdata-2025.3.tar.gz", hash = "sha256:de39c2ca5dc7b0344f2eba86f49d614019d29f060fc4ebc8a417896a620b56a7", size = 196772, upload-time = "2025-12-13T17:45:35.667Z" }
wheels = [
    { url = "https://files.pythonhosted.org/packages/c7/b0/003792df09decd6849a5e39c28b513c06e84436a54440380862b5aeff25d/tzdata-2025.3-py2.py3-none-any.whl", hash = "sha256:06a47e5700f3081aab02b2e513160914ff0694bce9947d6b76ebd6bf57cfc5d1", size = 348521, upload-time = "2025-12-13T17:45:33.889Z" },
]

[[package]]
name = "yosegi"
version = "0.1.0"
source = { editable = "." }
dependencies = [
    { name = "duckdb" },
    { name = "pandas" },
    { name = "pyarrow" },
]

[package.dev-dependencies]
dev = [
    { name = "ruff" },
    { name = "ty" },
]

[package.metadata]
requires-dist = [
    { name = "duckdb", specifier = ">=1.4.3" },
    { name = "pandas", specifier = ">=2.3.3" },
    { name = "pyarrow", specifier = ">=15.0.0" },
]

[package.metadata.requires-dev]
dev = [
    { name = "ruff", specifier = ">=0.14.10" },
    { name = "ty", specifier = ">=0.0.1a35" },
]
